// !$*UTF8*$!
{
	archiveVersion = 1;
	classes = {
	};
	objectVersion = 46;
	objects = {

/* Begin PBXBuildFile section */
		CB5D070A1B52EFBA00783F94 /* AppDelegate.swift in Sources */ = {isa = PBXBuildFile; fileRef = CB5D07091B52EFBA00783F94 /* AppDelegate.swift */; };
		CB5D070F1B52EFBA00783F94 /* Main.storyboard in Resources */ = {isa = PBXBuildFile; fileRef = CB5D070D1B52EFBA00783F94 /* Main.storyboard */; };
		CB5D07111B52EFBA00783F94 /* Images.xcassets in Resources */ = {isa = PBXBuildFile; fileRef = CB5D07101B52EFBA00783F94 /* Images.xcassets */; };
		CB5D07141B52EFBA00783F94 /* LaunchScreen.xib in Resources */ = {isa = PBXBuildFile; fileRef = CB5D07121B52EFBA00783F94 /* LaunchScreen.xib */; };
		CB5D07201B52EFBB00783F94 /* Prog3jzn0016Su15Tests.swift in Sources */ = {isa = PBXBuildFile; fileRef = CB5D071F1B52EFBB00783F94 /* Prog3jzn0016Su15Tests.swift */; };
		CB5D072A1B52F08D00783F94 /* AlbumList.swift in Sources */ = {isa = PBXBuildFile; fileRef = CB5D07291B52F08D00783F94 /* AlbumList.swift */; };
		CB5D072C1B52F6BE00783F94 /* RootViewController.swift in Sources */ = {isa = PBXBuildFile; fileRef = CB5D072B1B52F6BE00783F94 /* RootViewController.swift */; };
		CB5D07321B53488500783F94 /* AlbumEntryViewController.swift in Sources */ = {isa = PBXBuildFile; fileRef = CB5D07311B53488500783F94 /* AlbumEntryViewController.swift */; };
		CB5D07341B534E7300783F94 /* Album.swift in Sources */ = {isa = PBXBuildFile; fileRef = CB5D07331B534E7300783F94 /* Album.swift */; };
/* End PBXBuildFile section */

/* Begin PBXContainerItemProxy section */
		CB5D071A1B52EFBB00783F94 /* PBXContainerItemProxy */ = {
			isa = PBXContainerItemProxy;
			containerPortal = CB5D06FC1B52EFBA00783F94 /* Project object */;
			proxyType = 1;
			remoteGlobalIDString = CB5D07031B52EFBA00783F94;
			remoteInfo = Prog3jzn0016Su15;
		};
/* End PBXContainerItemProxy section */

/* Begin PBXFileReference section */
		CB5D07041B52EFBA00783F94 /* Prog3jzn0016Su15.app */ = {isa = PBXFileReference; explicitFileType = wrapper.application; includeInIndex = 0; path = Prog3jzn0016Su15.app; sourceTree = BUILT_PRODUCTS_DIR; };
		CB5D07081B52EFBA00783F94 /* Info.plist */ = {isa = PBXFileReference; lastKnownFileType = text.plist.xml; path = Info.plist; sourceTree = "<group>"; };
		CB5D07091B52EFBA00783F94 /* AppDelegate.swift */ = {isa = PBXFileReference; lastKnownFileType = sourcecode.swift; path = AppDelegate.swift; sourceTree = "<group>"; };
		CB5D070E1B52EFBA00783F94 /* Base */ = {isa = PBXFileReference; lastKnownFileType = file.storyboard; name = Base; path = Base.lproj/Main.storyboard; sourceTree = "<group>"; };
		CB5D07101B52EFBA00783F94 /* Images.xcassets */ = {isa = PBXFileReference; lastKnownFileType = folder.assetcatalog; path = Images.xcassets; sourceTree = "<group>"; };
		CB5D07131B52EFBA00783F94 /* Base */ = {isa = PBXFileReference; lastKnownFileType = file.xib; name = Base; path = Base.lproj/LaunchScreen.xib; sourceTree = "<group>"; };
		CB5D07191B52EFBB00783F94 /* Prog3jzn0016Su15Tests.xctest */ = {isa = PBXFileReference; explicitFileType = wrapper.cfbundle; includeInIndex = 0; path = Prog3jzn0016Su15Tests.xctest; sourceTree = BUILT_PRODUCTS_DIR; };
		CB5D071E1B52EFBB00783F94 /* Info.plist */ = {isa = PBXFileReference; lastKnownFileType = text.plist.xml; path = Info.plist; sourceTree = "<group>"; };
		CB5D071F1B52EFBB00783F94 /* Prog3jzn0016Su15Tests.swift */ = {isa = PBXFileReference; lastKnownFileType = sourcecode.swift; path = Prog3jzn0016Su15Tests.swift; sourceTree = "<group>"; };
		CB5D07291B52F08D00783F94 /* AlbumList.swift */ = {isa = PBXFileReference; fileEncoding = 4; lastKnownFileType = sourcecode.swift; name = AlbumList.swift; path = ../AlbumList.swift; sourceTree = "<group>"; };
		CB5D072B1B52F6BE00783F94 /* RootViewController.swift */ = {isa = PBXFileReference; fileEncoding = 4; lastKnownFileType = sourcecode.swift; path = RootViewController.swift; sourceTree = "<group>"; };
		CB5D07311B53488500783F94 /* AlbumEntryViewController.swift */ = {isa = PBXFileReference; fileEncoding = 4; lastKnownFileType = sourcecode.swift; path = AlbumEntryViewController.swift; sourceTree = "<group>"; };
		CB5D07331B534E7300783F94 /* Album.swift */ = {isa = PBXFileReference; fileEncoding = 4; lastKnownFileType = sourcecode.swift; path = Album.swift; sourceTree = "<group>"; };
/* End PBXFileReference section */

/* Begin PBXFrameworksBuildPhase section */
		CB5D07011B52EFBA00783F94 /* Frameworks */ = {
			isa = PBXFrameworksBuildPhase;
			buildActionMask = 2147483647;
			files = (
			);
			runOnlyForDeploymentPostprocessing = 0;
		};
		CB5D07161B52EFBB00783F94 /* Frameworks */ = {
			isa = PBXFrameworksBuildPhase;
			buildActionMask = 2147483647;
			files = (
			);
			runOnlyForDeploymentPostprocessing = 0;
		};
/* End PBXFrameworksBuildPhase section */

/* Begin PBXGroup section */
		CB5D06FB1B52EFBA00783F94 = {
			isa = PBXGroup;
			children = (
				CB5D07061B52EFBA00783F94 /* Prog3jzn0016Su15 */,
				CB5D071C1B52EFBB00783F94 /* Prog3jzn0016Su15Tests */,
				CB5D07051B52EFBA00783F94 /* Products */,
			);
			sourceTree = "<group>";
		};
		CB5D07051B52EFBA00783F94 /* Products */ = {
			isa = PBXGroup;
			children = (
				CB5D07041B52EFBA00783F94 /* Prog3jzn0016Su15.app */,
				CB5D07191B52EFBB00783F94 /* Prog3jzn0016Su15Tests.xctest */,
			);
			name = Products;
			sourceTree = "<group>";
		};
		CB5D07061B52EFBA00783F94 /* Prog3jzn0016Su15 */ = {
			isa = PBXGroup;
			children = (
				CB5D07091B52EFBA00783F94 /* AppDelegate.swift */,
				CB5D072B1B52F6BE00783F94 /* RootViewController.swift */,
				CB5D07291B52F08D00783F94 /* AlbumList.swift */,
				CB5D07331B534E7300783F94 /* Album.swift */,
				CB5D07311B53488500783F94 /* AlbumEntryViewController.swift */,
				CB5D070D1B52EFBA00783F94 /* Main.storyboard */,
				CB5D07101B52EFBA00783F94 /* Images.xcassets */,
				CB5D07121B52EFBA00783F94 /* LaunchScreen.xib */,
				CB5D07071B52EFBA00783F94 /* Supporting Files */,
			);
			path = Prog3jzn0016Su15;
			sourceTree = "<group>";
		};
		CB5D07071B52EFBA00783F94 /* Supporting Files */ = {
			isa = PBXGroup;
			children = (
				CB5D07081B52EFBA00783F94 /* Info.plist */,
			);
			name = "Supporting Files";
			sourceTree = "<group>";
		};
		CB5D071C1B52EFBB00783F94 /* Prog3jzn0016Su15Tests */ = {
			isa = PBXGroup;
			children = (
				CB5D071F1B52EFBB00783F94 /* Prog3jzn0016Su15Tests.swift */,
				CB5D071D1B52EFBB00783F94 /* Supporting Files */,
			);
			path = Prog3jzn0016Su15Tests;
			sourceTree = "<group>";
		};
		CB5D071D1B52EFBB00783F94 /* Supporting Files */ = {
			isa = PBXGroup;
			children = (
				CB5D071E1B52EFBB00783F94 /* Info.plist */,
			);
			name = "Supporting Files";
			sourceTree = "<group>";
		};
/* End PBXGroup section */

/* Begin PBXNativeTarget section */
		CB5D07031B52EFBA00783F94 /* Prog3jzn0016Su15 */ = {
			isa = PBXNativeTarget;
			buildConfigurationList = CB5D07231B52EFBB00783F94 /* Build configuration list for PBXNativeTarget "Prog3jzn0016Su15" */;
			buildPhases = (
				CB5D07001B52EFBA00783F94 /* Sources */,
				CB5D07011B52EFBA00783F94 /* Frameworks */,
				CB5D07021B52EFBA00783F94 /* Resources */,
			);
			buildRules = (
			);
			dependencies = (
			);
			name = Prog3jzn0016Su15;
			productName = Prog3jzn0016Su15;
			productReference = CB5D07041B52EFBA00783F94 /* Prog3jzn0016Su15.app */;
			productType = "com.apple.product-type.application";
		};
		CB5D07181B52EFBB00783F94 /* Prog3jzn0016Su15Tests */ = {
			isa = PBXNativeTarget;
			buildConfigurationList = CB5D07261B52EFBB00783F94 /* Build configuration list for PBXNativeTarget "Prog3jzn0016Su15Tests" */;
			buildPhases = (
				CB5D07151B52EFBB00783F94 /* Sources */,
				CB5D07161B52EFBB00783F94 /* Frameworks */,
				CB5D07171B52EFBB00783F94 /* Resources */,
			);
			buildRules = (
			);
			dependencies = (
				CB5D071B1B52EFBB00783F94 /* PBXTargetDependency */,
			);
			name = Prog3jzn0016Su15Tests;
			productName = Prog3jzn0016Su15Tests;
			productReference = CB5D07191B52EFBB00783F94 /* Prog3jzn0016Su15Tests.xctest */;
			productType = "com.apple.product-type.bundle.unit-test";
		};
/* End PBXNativeTarget section */

/* Begin PBXProject section */
		CB5D06FC1B52EFBA00783F94 /* Project object */ = {
			isa = PBXProject;
			attributes = {
				LastUpgradeCheck = 0630;
				ORGANIZATIONNAME = "Jeffrey Nolen";
				TargetAttributes = {
					CB5D07031B52EFBA00783F94 = {
						CreatedOnToolsVersion = 6.3;
					};
					CB5D07181B52EFBB00783F94 = {
						CreatedOnToolsVersion = 6.3;
						TestTargetID = CB5D07031B52EFBA00783F94;
					};
				};
			};
			buildConfigurationList = CB5D06FF1B52EFBA00783F94 /* Build configuration list for PBXProject "Prog3jzn0016Su15" */;
			compatibilityVersion = "Xcode 3.2";
			developmentRegion = English;
			hasScannedForEncodings = 0;
			knownRegions = (
				en,
				Base,
			);
			mainGroup = CB5D06FB1B52EFBA00783F94;
			productRefGroup = CB5D07051B52EFBA00783F94 /* Products */;
			projectDirPath = "";
			projectRoot = "";
			targets = (
				CB5D07031B52EFBA00783F94 /* Prog3jzn0016Su15 */,
				CB5D07181B52EFBB00783F94 /* Prog3jzn0016Su15Tests */,
			);
		};
/* End PBXProject section */

/* Begin PBXResourcesBuildPhase section */
		CB5D07021B52EFBA00783F94 /* Resources */ = {
			isa = PBXResourcesBuildPhase;
			buildActionMask = 2147483647;
			files = (
				CB5D070F1B52EFBA00783F94 /* Main.storyboard in Resources */,
				CB5D07141B52EFBA00783F94 /* LaunchScreen.xib in Resources */,
				CB5D07111B52EFBA00783F94 /* Images.xcassets in Resources */,
			);
			runOnlyForDeploymentPostprocessing = 0;
		};
		CB5D07171B52EFBB00783F94 /* Resources */ = {
			isa = PBXResourcesBuildPhase;
			buildActionMask = 2147483647;
			files = (
			);
			runOnlyForDeploymentPostprocessing = 0;
		};
/* End PBXResourcesBuildPhase section */

/* Begin PBXSourcesBuildPhase section */
		CB5D07001B52EFBA00783F94 /* Sources */ = {
			isa = PBXSourcesBuildPhase;
			buildActionMask = 2147483647;
			files = (
				CB5D072A1B52F08D00783F94 /* AlbumList.swift in Sources */,
				CB5D070A1B52EFBA00783F94 /* AppDelegate.swift in Sources */,
				CB5D072C1B52F6BE00783F94 /* RootViewController.swift in Sources */,
				CB5D07321B53488500783F94 /* AlbumEntryViewController.swift in Sources */,
				CB5D07341B534E7300783F94 /* Album.swift in Sources */,
			);
			runOnlyForDeploymentPostprocessing = 0;
		};
		CB5D07151B52EFBB00783F94 /* Sources */ = {
			isa = PBXSourcesBuildPhase;
			buildActionMask = 2147483647;
			files = (
				CB5D07201B52EFBB00783F94 /* Prog3jzn0016Su15Tests.swift in Sources */,
			);
			runOnlyForDeploymentPostprocessing = 0;
		};
/* End PBXSourcesBuildPhase section */

/* Begin PBXTargetDependency section */
		CB5D071B1B52EFBB00783F94 /* PBXTargetDependency */ = {
			isa = PBXTargetDependency;
			target = CB5D07031B52EFBA00783F94 /* Prog3jzn0016Su15 */;
			targetProxy = CB5D071A1B52EFBB00783F94 /* PBXContainerItemProxy */;
		};
/* End PBXTargetDependency section */

/* Begin PBXVariantGroup section */
		CB5D070D1B52EFBA00783F94 /* Main.storyboard */ = {
			isa = PBXVariantGroup;
			children = (
				CB5D070E1B52EFBA00783F94 /* Base */,
			);
			name = Main.storyboard;
			sourceTree = "<group>";
		};
		CB5D07121B52EFBA00783F94 /* LaunchScreen.xib */ = {
			isa = PBXVariantGroup;
			children = (
				CB5D07131B52EFBA00783F94 /* Base */,
			);
			name = LaunchScreen.xib;
			sourceTree = "<group>";
		};
/* End PBXVariantGroup section */

/* Begin XCBuildConfiguration section */
		CB5D07211B52EFBB00783F94 /* Debug */ = {
			isa = XCBuildConfiguration;
			buildSettings = {
				ALWAYS_SEARCH_USER_PATHS = NO;
				CLANG_CXX_LANGUAGE_STANDARD = "gnu++0x";
				CLANG_CXX_LIBRARY = "libc++";
				CLANG_ENABLE_MODULES = YES;
				CLANG_ENABLE_OBJC_ARC = YES;
				CLANG_WARN_BOOL_CONVERSION = YES;
				CLANG_WARN_CONSTANT_CONVERSION = YES;
				CLANG_WARN_DIRECT_OBJC_ISA_USAGE = YES_ERROR;
				CLANG_WARN_EMPTY_BODY = YES;
				CLANG_WARN_ENUM_CONVERSION = YES;
				CLANG_WARN_INT_CONVERSION = YES;
				CLANG_WARN_OBJC_ROOT_CLASS = YES_ERROR;
				CLANG_WARN_UNREACHABLE_CODE = YES;
				CLANG_WARN__DUPLICATE_METHOD_MATCH = YES;
				"CODE_SIGN_IDENTITY[sdk=iphoneos*]" = "iPhone Developer";
				COPY_PHASE_STRIP = NO;
				DEBUG_INFORMATION_FORMAT = "dwarf-with-dsym";
				ENABLE_STRICT_OBJC_MSGSEND = YES;
				GCC_C_LANGUAGE_STANDARD = gnu99;
				GCC_DYNAMIC_NO_PIC = NO;
				GCC_NO_COMMON_BLOCKS = YES;
				GCC_OPTIMIZATION_LEVEL = 0;
				GCC_PREPROCESSOR_DEFINITIONS = (
					"DEBUG=1",
					"$(inherited)",
				);
				GCC_SYMBOLS_PRIVATE_EXTERN = NO;
				GCC_WARN_64_TO_32_BIT_CONVERSION = YES;
				GCC_WARN_ABOUT_RETURN_TYPE = YES_ERROR;
				GCC_WARN_UNDECLARED_SELECTOR = YES;
				GCC_WARN_UNINITIALIZED_AUTOS = YES_AGGRESSIVE;
				GCC_WARN_UNUSED_FUNCTION = YES;
				GCC_WARN_UNUSED_VARIABLE = YES;
				IPHONEOS_DEPLOYMENT_TARGET = 8.3;
				MTL_ENABLE_DEBUG_INFO = YES;
				ONLY_ACTIVE_ARCH = YES;
				SDKROOT = iphoneos;
				SWIFT_OPTIMIZATION_LEVEL = "-Onone";
				TARGETED_DEVICE_FAMILY = "1,2";
			};
			name = Debug;
		};
		CB5D07221B52EFBB00783F94 /* Release */ = {
			isa = XCBuildConfiguration;
			buildSettings = {
				ALWAYS_SEARCH_USER_PATHS = NO;
				CLANG_CXX_LANGUAGE_STANDARD = "gnu++0x";
				CLANG_CXX_LIBRARY = "libc++";
				CLANG_ENABLE_MODULES = YES;
				CLANG_ENABLE_OBJC_ARC = YES;
				CLANG_WARN_BOOL_CONVERSION = YES;
				CLANG_WARN_CONSTANT_CONVERSION = YES;
				CLANG_WARN_DIRECT_OBJC_ISA_USAGE = YES_ERROR;
				CLANG_WARN_EMPTY_BODY = YES;
				CLANG_WARN_ENUM_CONVERSION = YES;
				CLANG_WARN_INT_CONVERSION = YES;
				CLANG_WARN_OBJC_ROOT_CLASS = YES_ERROR;
				CLANG_WARN_UNREACHABLE_CODE = YES;
				CLANG_WARN__DUPLICATE_METHOD_MATCH = YES;
				"CODE_SIGN_IDENTITY[sdk=iphoneos*]" = "iPhone Developer";
				COPY_PHASE_STRIP = NO;
				DEBUG_INFORMATION_FORMAT = "dwarf-with-dsym";
				ENABLE_NS_ASSERTIONS = NO;
				ENABLE_STRICT_OBJC_MSGSEND = YES;
				GCC_C_LANGUAGE_STANDARD = gnu99;
				GCC_NO_COMMON_BLOCKS = YES;
				GCC_WARN_64_TO_32_BIT_CONVERSION = YES;
				GCC_WARN_ABOUT_RETURN_TYPE = YES_ERROR;
				GCC_WARN_UNDECLARED_SELECTOR = YES;
				GCC_WARN_UNINITIALIZED_AUTOS = YES_AGGRESSIVE;
				GCC_WARN_UNUSED_FUNCTION = YES;
				GCC_WARN_UNUSED_VARIABLE = YES;
				IPHONEOS_DEPLOYMENT_TARGET = 8.3;
				MTL_ENABLE_DEBUG_INFO = NO;
				SDKROOT = iphoneos;
				TARGETED_DEVICE_FAMILY = "1,2";
				VALIDATE_PRODUCT = YES;
			};
			name = Release;
		};
		CB5D07241B52EFBB00783F94 /* Debug */ = {
			isa = XCBuildConfiguration;
			buildSettings = {
				ASSETCATALOG_COMPILER_APPICON_NAME = AppIcon;
				INFOPLIST_FILE = Prog3jzn0016Su15/Info.plist;
				LD_RUNPATH_SEARCH_PATHS = "$(inherited) @executable_path/Frameworks";
				PRODUCT_NAME = "$(TARGET_NAME)";
			};
			name = Debug;
		};
		CB5D07251B52EFBB00783F94 /* Release */ = {
			isa = XCBuildConfiguration;
			buildSettings = {
				ASSETCATALOG_COMPILER_APPICON_NAME = AppIcon;
				INFOPLIST_FILE = Prog3jzn0016Su15/Info.plist;
				LD_RUNPATH_SEARCH_PATHS = "$(inherited) @executable_path/Frameworks";
				PRODUCT_NAME = "$(TARGET_NAME)";
			};
			name = Release;
		};
		CB5D07271B52EFBB00783F94 /* Debug */ = {
			isa = XCBuildConfiguration;
			buildSettings = {
				BUNDLE_LOADER = "$(TEST_HOST)";
				FRAMEWORK_SEARCH_PATHS = (
					"$(SDKROOT)/Developer/Library/Frameworks",
					"$(inherited)",
				);
				GCC_PREPROCESSOR_DEFINITIONS = (
					"DEBUG=1",
					"$(inherited)",
				);
				INFOPLIST_FILE = Prog3jzn0016Su15Tests/Info.plist;
				LD_RUNPATH_SEARCH_PATHS = "$(inherited) @executable_path/Frameworks @loader_path/Frameworks";
				PRODUCT_NAME = "$(TARGET_NAME)";
				TEST_HOST = "$(BUILT_PRODUCTS_DIR)/Prog3jzn0016Su15.app/Prog3jzn0016Su15";
			};
			name = Debug;
		};
		CB5D07281B52EFBB00783F94 /* Release */ = {
			isa = XCBuildConfiguration;
			buildSettings = {
				BUNDLE_LOADER = "$(TEST_HOST)";
				FRAMEWORK_SEARCH_PATHS = (
					"$(SDKROOT)/Developer/Library/Frameworks",
					"$(inherited)",
				);
				INFOPLIST_FILE = Prog3jzn0016Su15Tests/Info.plist;
				LD_RUNPATH_SEARCH_PATHS = "$(inherited) @executable_path/Frameworks @loader_path/Frameworks";
				PRODUCT_NAME = "$(TARGET_NAME)";
				TEST_HOST = "$(BUILT_PRODUCTS_DIR)/Prog3jzn0016Su15.app/Prog3jzn0016Su15";
			};
			name = Release;
		};
/* End XCBuildConfiguration section */

/* Begin XCConfigurationList section */
		CB5D06FF1B52EFBA00783F94 /* Build configuration list for PBXProject "Prog3jzn0016Su15" */ = {
			isa = XCConfigurationList;
			buildConfigurations = (
				CB5D07211B52EFBB00783F94 /* Debug */,
				CB5D07221B52EFBB00783F94 /* Release */,
			);
			defaultConfigurationIsVisible = 0;
			defaultConfigurationName = Release;
		};
		CB5D07231B52EFBB00783F94 /* Build configuration list for PBXNativeTarget "Prog3jzn0016Su15" */ = {
			isa = XCConfigurationList;
			buildConfigurations = (
				CB5D07241B52EFBB00783F94 /* Debug */,
				CB5D07251B52EFBB00783F94 /* Release */,
			);
			defaultConfigurationIsVisible = 0;
		};
		CB5D07261B52EFBB00783F94 /* Build configuration list for PBXNativeTarget "Prog3jzn0016Su15Tests" */ = {
			isa = XCConfigurationList;
			buildConfigurations = (
				CB5D07271B52EFBB00783F94 /* Debug */,
				CB5D07281B52EFBB00783F94 /* Release */,
			);
			defaultConfigurationIsVisible = 0;
		};
/* End XCConfigurationList section */
	};
	rootObject = CB5D06FC1B52EFBA00783F94 /* Project object */;
}
